
Microsoft Visual Studio Solution File, Format Version 12.00
# Visual Studio 14
VisualStudioVersion = 14.0.25420.1
MinimumVisualStudioVersion = 10.0.40219.1
Project("{2150E333-8FDC-42A3-9474-1A3956D46DE8}") = "src", "src", "{E2B20F0B-C56D-49EF-A4C7-EE50A2807260}"
EndProject
Project("{2150E333-8FDC-42A3-9474-1A3956D46DE8}") = "Solution Items", "Solution Items", "{1D6BDEC7-68C4-45C5-8966-B33C34FADC95}"
	ProjectSection(SolutionItems) = preProject
		global.json = global.json
	EndProjectSection
EndProject
Project("{8BB2217D-0F2D-49D1-97BC-3654ED321F3B}") = "WebApi", "src\WebApi\WebApi.xproj", "{FBADEF38-1717-4BE6-9634-7EC2FBE020F0}"
EndProject
Global
	GlobalSection(SolutionConfigurationPlatforms) = preSolution
		Debug|Any CPU = Debug|Any CPU
		Release|Any CPU = Release|Any CPU
	EndGlobalSection
	GlobalSection(ProjectConfigurationPlatforms) = postSolution
		{FBADEF38-1717-4BE6-9634-7EC2FBE020F0}.Debug|Any CPU.ActiveCfg = Debug|Any CPU
		{FBADEF38-1717-4BE6-9634-7EC2FBE020F0}.Debug|Any CPU.Build.0 = Debug|Any CPU
		{FBADEF38-1717-4BE6-9634-7EC2FBE020F0}.Release|Any CPU.ActiveCfg = Release|Any CPU
		{FBADEF38-1717-4BE6-9634-7EC2FBE020F0}.Release|Any CPU.Build.0 = Release|Any CPU
	EndGlobalSection
	GlobalSection(SolutionProperties) = preSolution
		HideSolutionNode = FALSE
	EndGlobalSection
	GlobalSection(NestedProjects) = preSolution
		{FBADEF38-1717-4BE6-9634-7EC2FBE020F0} = {E2B20F0B-C56D-49EF-A4C7-EE50A2807260}
	EndGlobalSection
EndGlobal
