
Microsoft Visual Studio Solution File, Format Version 12.00
# Visual Studio 2015
Project("{FAE04EC0-301F-11D3-BF4B-00C04F79EFBC}") = "HannoverVRHackathonPlatformer.Plugins", "HannoverVRHackathonPlatformer.Plugins.csproj", "{CBFA7029-C404-3FED-AD64-98A07F159EB2}"
EndProject
Project("{FAE04EC0-301F-11D3-BF4B-00C04F79EFBC}") = "HannoverVRHackathonPlatformer", "HannoverVRHackathonPlatformer.csproj", "{666C7C81-BC25-1478-AFCD-6DCFA095EB90}"
EndProject
Project("{FAE04EC0-301F-11D3-BF4B-00C04F79EFBC}") = "HannoverVRHackathonPlatformer.Editor.Plugins", "HannoverVRHackathonPlatformer.Editor.Plugins.csproj", "{E090F065-775E-9988-33D6-4E9E8DEF2B2B}"
EndProject
Project("{FAE04EC0-301F-11D3-BF4B-00C04F79EFBC}") = "HannoverVRHackathonPlatformer.Editor", "HannoverVRHackathonPlatformer.Editor.csproj", "{83D1E448-A3E0-A046-DEC5-5AD6CFA0F42C}"
EndProject
Global
	GlobalSection(SolutionConfigurationPlatforms) = preSolution
		Debug|Any CPU = Debug|Any CPU
		Release|Any CPU = Release|Any CPU
	EndGlobalSection
	GlobalSection(ProjectConfigurationPlatforms) = postSolution
		{CBFA7029-C404-3FED-AD64-98A07F159EB2}.Debug|Any CPU.ActiveCfg = Debug|Any CPU
		{CBFA7029-C404-3FED-AD64-98A07F159EB2}.Debug|Any CPU.Build.0 = Debug|Any CPU
		{CBFA7029-C404-3FED-AD64-98A07F159EB2}.Release|Any CPU.ActiveCfg = Release|Any CPU
		{CBFA7029-C404-3FED-AD64-98A07F159EB2}.Release|Any CPU.Build.0 = Release|Any CPU
		{666C7C81-BC25-1478-AFCD-6DCFA095EB90}.Debug|Any CPU.ActiveCfg = Debug|Any CPU
		{666C7C81-BC25-1478-AFCD-6DCFA095EB90}.Debug|Any CPU.Build.0 = Debug|Any CPU
		{666C7C81-BC25-1478-AFCD-6DCFA095EB90}.Release|Any CPU.ActiveCfg = Release|Any CPU
		{666C7C81-BC25-1478-AFCD-6DCFA095EB90}.Release|Any CPU.Build.0 = Release|Any CPU
		{E090F065-775E-9988-33D6-4E9E8DEF2B2B}.Debug|Any CPU.ActiveCfg = Debug|Any CPU
		{E090F065-775E-9988-33D6-4E9E8DEF2B2B}.Debug|Any CPU.Build.0 = Debug|Any CPU
		{E090F065-775E-9988-33D6-4E9E8DEF2B2B}.Release|Any CPU.ActiveCfg = Release|Any CPU
		{E090F065-775E-9988-33D6-4E9E8DEF2B2B}.Release|Any CPU.Build.0 = Release|Any CPU
		{83D1E448-A3E0-A046-DEC5-5AD6CFA0F42C}.Debug|Any CPU.ActiveCfg = Debug|Any CPU
		{83D1E448-A3E0-A046-DEC5-5AD6CFA0F42C}.Debug|Any CPU.Build.0 = Debug|Any CPU
		{83D1E448-A3E0-A046-DEC5-5AD6CFA0F42C}.Release|Any CPU.ActiveCfg = Release|Any CPU
		{83D1E448-A3E0-A046-DEC5-5AD6CFA0F42C}.Release|Any CPU.Build.0 = Release|Any CPU
	EndGlobalSection
	GlobalSection(SolutionProperties) = preSolution
		HideSolutionNode = FALSE
	EndGlobalSection
EndGlobal
